// !$*UTF8*$!
{
	archiveVersion = 1;
	classes = {
	};
	objectVersion = 46;
	objects = {

/* Begin PBXBuildFile section */
		F706DEE91C19820900AA84D0 /* Icon-60@2x.png in Resources */ = {isa = PBXBuildFile; fileRef = F706DEDF1C19820900AA84D0 /* Icon-60@2x.png */; };
		F706DEEA1C19820900AA84D0 /* Icon-60@3x.png in Resources */ = {isa = PBXBuildFile; fileRef = F706DEE01C19820900AA84D0 /* Icon-60@3x.png */; };
		F706DEEB1C19820900AA84D0 /* Icon-Small@2x.png in Resources */ = {isa = PBXBuildFile; fileRef = F706DEE21C19820900AA84D0 /* Icon-Small@2x.png */; };
		F706DEEC1C19820900AA84D0 /* Icon-Small@3x.png in Resources */ = {isa = PBXBuildFile; fileRef = F706DEE31C19820900AA84D0 /* Icon-Small@3x.png */; };
		F706DEED1C19820900AA84D0 /* Icon-40@2x.png in Resources */ = {isa = PBXBuildFile; fileRef = F706DEE51C19820900AA84D0 /* Icon-40@2x.png */; };
		F706DEEE1C19820900AA84D0 /* Icon-60@2x.png in Resources */ = {isa = PBXBuildFile; fileRef = F706DEE61C19820900AA84D0 /* Icon-60@2x.png */; };
		F706DEEF1C19820900AA84D0 /* Pic-1.png in Resources */ = {isa = PBXBuildFile; fileRef = F706DEE71C19820900AA84D0 /* Pic-1.png */; };
		F706DEF01C19820900AA84D0 /* Pic-2.png in Resources */ = {isa = PBXBuildFile; fileRef = F706DEE81C19820900AA84D0 /* Pic-2.png */; };
		F706DEF21C19854D00AA84D0 /* StartBusiness.jpg in Resources */ = {isa = PBXBuildFile; fileRef = F706DEF11C19854D00AA84D0 /* StartBusiness.jpg */; };
		F706DEF71C1990DD00AA84D0 /* Reachability.m in Sources */ = {isa = PBXBuildFile; fileRef = F706DEF61C1990DD00AA84D0 /* Reachability.m */; };
		F7CAAD191C17B48200FF32A7 /* Twitter.m in Sources */ = {isa = PBXBuildFile; fileRef = F7CAAD181C17B48200FF32A7 /* Twitter.m */; };
		F7EE6DB41C156E2400F65506 /* main.m in Sources */ = {isa = PBXBuildFile; fileRef = F7EE6DB31C156E2400F65506 /* main.m */; };
		F7EE6DBD1C156E2400F65506 /* Main.storyboard in Resources */ = {isa = PBXBuildFile; fileRef = F7EE6DBB1C156E2400F65506 /* Main.storyboard */; };
		F7EE6DC01C156E2400F65506 /* Peek_Challenge_Aditya.xcdatamodeld in Sources */ = {isa = PBXBuildFile; fileRef = F7EE6DBE1C156E2400F65506 /* Peek_Challenge_Aditya.xcdatamodeld */; };
		F7EE6DC21C156E2400F65506 /* Assets.xcassets in Resources */ = {isa = PBXBuildFile; fileRef = F7EE6DC11C156E2400F65506 /* Assets.xcassets */; };
		F7EE6DC51C156E2400F65506 /* LaunchScreen.storyboard in Resources */ = {isa = PBXBuildFile; fileRef = F7EE6DC31C156E2400F65506 /* LaunchScreen.storyboard */; };
		F7EE6DD01C156E2400F65506 /* Peek_Challenge_AdityaTests.m in Sources */ = {isa = PBXBuildFile; fileRef = F7EE6DCF1C156E2400F65506 /* Peek_Challenge_AdityaTests.m */; };
		F7EE6DDB1C156E2400F65506 /* Peek_Challenge_AdityaUITests.m in Sources */ = {isa = PBXBuildFile; fileRef = F7EE6DDA1C156E2400F65506 /* Peek_Challenge_AdityaUITests.m */; };
		F7EE6DE91C157D5400F65506 /* Social.framework in Frameworks */ = {isa = PBXBuildFile; fileRef = F7EE6DE81C157D5400F65506 /* Social.framework */; };
		F7EE6DEB1C157D5800F65506 /* Accounts.framework in Frameworks */ = {isa = PBXBuildFile; fileRef = F7EE6DEA1C157D5800F65506 /* Accounts.framework */; };
		F7EE6DED1C157D5E00F65506 /* Twitter.framework in Frameworks */ = {isa = PBXBuildFile; fileRef = F7EE6DEC1C157D5E00F65506 /* Twitter.framework */; };
		F7EE6DFB1C15834700F65506 /* AppDelegate.m in Sources */ = {isa = PBXBuildFile; fileRef = F7EE6DF41C15834700F65506 /* AppDelegate.m */; };
		F7EE6DFC1C15834700F65506 /* TweeterHomeVC.m in Sources */ = {isa = PBXBuildFile; fileRef = F7EE6DF71C15834700F65506 /* TweeterHomeVC.m */; };
		F7EE6DFD1C15834700F65506 /* ViewController.m in Sources */ = {isa = PBXBuildFile; fileRef = F7EE6DFA1C15834700F65506 /* ViewController.m */; };
/* End PBXBuildFile section */

/* Begin PBXContainerItemProxy section */
		F7EE6DCC1C156E2400F65506 /* PBXContainerItemProxy */ = {
			isa = PBXContainerItemProxy;
			containerPortal = F7EE6DA71C156E2400F65506 /* Project object */;
			proxyType = 1;
			remoteGlobalIDString = F7EE6DAE1C156E2400F65506;
			remoteInfo = Peek_Challenge_Aditya;
		};
		F7EE6DD71C156E2400F65506 /* PBXContainerItemProxy */ = {
			isa = PBXContainerItemProxy;
			containerPortal = F7EE6DA71C156E2400F65506 /* Project object */;
			proxyType = 1;
			remoteGlobalIDString = F7EE6DAE1C156E2400F65506;
			remoteInfo = Peek_Challenge_Aditya;
		};
/* End PBXContainerItemProxy section */

/* Begin PBXFileReference section */
		F706DEDF1C19820900AA84D0 /* Icon-60@2x.png */ = {isa = PBXFileReference; lastKnownFileType = image.png; path = "Icon-60@2x.png"; sourceTree = "<group>"; };
		F706DEE01C19820900AA84D0 /* Icon-60@3x.png */ = {isa = PBXFileReference; lastKnownFileType = image.png; path = "Icon-60@3x.png"; sourceTree = "<group>"; };
		F706DEE21C19820900AA84D0 /* Icon-Small@2x.png */ = {isa = PBXFileReference; lastKnownFileType = image.png; path = "Icon-Small@2x.png"; sourceTree = "<group>"; };
		F706DEE31C19820900AA84D0 /* Icon-Small@3x.png */ = {isa = PBXFileReference; lastKnownFileType = image.png; path = "Icon-Small@3x.png"; sourceTree = "<group>"; };
		F706DEE51C19820900AA84D0 /* Icon-40@2x.png */ = {isa = PBXFileReference; lastKnownFileType = image.png; path = "Icon-40@2x.png"; sourceTree = "<group>"; };
		F706DEE61C19820900AA84D0 /* Icon-60@2x.png */ = {isa = PBXFileReference; lastKnownFileType = image.png; path = "Icon-60@2x.png"; sourceTree = "<group>"; };
		F706DEE71C19820900AA84D0 /* Pic-1.png */ = {isa = PBXFileReference; lastKnownFileType = image.png; path = "Pic-1.png"; sourceTree = "<group>"; };
		F706DEE81C19820900AA84D0 /* Pic-2.png */ = {isa = PBXFileReference; lastKnownFileType = image.png; path = "Pic-2.png"; sourceTree = "<group>"; };
		F706DEF11C19854D00AA84D0 /* StartBusiness.jpg */ = {isa = PBXFileReference; lastKnownFileType = image.jpeg; path = StartBusiness.jpg; sourceTree = "<group>"; };
		F706DEF51C1990DD00AA84D0 /* Reachability.h */ = {isa = PBXFileReference; fileEncoding = 4; lastKnownFileType = sourcecode.c.h; path = Reachability.h; sourceTree = "<group>"; };
		F706DEF61C1990DD00AA84D0 /* Reachability.m */ = {isa = PBXFileReference; fileEncoding = 4; lastKnownFileType = sourcecode.c.objc; path = Reachability.m; sourceTree = "<group>"; };
		F706DEFA1C19947E00AA84D0 /* PrefixHeader.pch */ = {isa = PBXFileReference; lastKnownFileType = sourcecode.c.h; path = PrefixHeader.pch; sourceTree = "<group>"; };
		F7CAAD171C17B48200FF32A7 /* Twitter.h */ = {isa = PBXFileReference; fileEncoding = 4; lastKnownFileType = sourcecode.c.h; path = Twitter.h; sourceTree = "<group>"; };
		F7CAAD181C17B48200FF32A7 /* Twitter.m */ = {isa = PBXFileReference; fileEncoding = 4; lastKnownFileType = sourcecode.c.objc; path = Twitter.m; sourceTree = "<group>"; };
		F7EE6DAF1C156E2400F65506 /* Peek_Challenge_Aditya.app */ = {isa = PBXFileReference; explicitFileType = wrapper.application; includeInIndex = 0; path = Peek_Challenge_Aditya.app; sourceTree = BUILT_PRODUCTS_DIR; };
		F7EE6DB31C156E2400F65506 /* main.m */ = {isa = PBXFileReference; lastKnownFileType = sourcecode.c.objc; path = main.m; sourceTree = "<group>"; };
		F7EE6DBC1C156E2400F65506 /* Base */ = {isa = PBXFileReference; lastKnownFileType = file.storyboard; name = Base; path = Base.lproj/Main.storyboard; sourceTree = "<group>"; };
		F7EE6DBF1C156E2400F65506 /* Peek_Challenge_Aditya.xcdatamodel */ = {isa = PBXFileReference; lastKnownFileType = wrapper.xcdatamodel; path = Peek_Challenge_Aditya.xcdatamodel; sourceTree = "<group>"; };
		F7EE6DC11C156E2400F65506 /* Assets.xcassets */ = {isa = PBXFileReference; lastKnownFileType = folder.assetcatalog; path = Assets.xcassets; sourceTree = "<group>"; };
		F7EE6DC41C156E2400F65506 /* Base */ = {isa = PBXFileReference; lastKnownFileType = file.storyboard; name = Base; path = Base.lproj/LaunchScreen.storyboard; sourceTree = "<group>"; };
		F7EE6DC61C156E2400F65506 /* Info.plist */ = {isa = PBXFileReference; lastKnownFileType = text.plist.xml; path = Info.plist; sourceTree = "<group>"; };
		F7EE6DCB1C156E2400F65506 /* Peek_Challenge_AdityaTests.xctest */ = {isa = PBXFileReference; explicitFileType = wrapper.cfbundle; includeInIndex = 0; path = Peek_Challenge_AdityaTests.xctest; sourceTree = BUILT_PRODUCTS_DIR; };
		F7EE6DCF1C156E2400F65506 /* Peek_Challenge_AdityaTests.m */ = {isa = PBXFileReference; lastKnownFileType = sourcecode.c.objc; path = Peek_Challenge_AdityaTests.m; sourceTree = "<group>"; };
		F7EE6DD11C156E2400F65506 /* Info.plist */ = {isa = PBXFileReference; lastKnownFileType = text.plist.xml; path = Info.plist; sourceTree = "<group>"; };
		F7EE6DD61C156E2400F65506 /* Peek_Challenge_AdityaUITests.xctest */ = {isa = PBXFileReference; explicitFileType = wrapper.cfbundle; includeInIndex = 0; path = Peek_Challenge_AdityaUITests.xctest; sourceTree = BUILT_PRODUCTS_DIR; };
		F7EE6DDA1C156E2400F65506 /* Peek_Challenge_AdityaUITests.m */ = {isa = PBXFileReference; lastKnownFileType = sourcecode.c.objc; path = Peek_Challenge_AdityaUITests.m; sourceTree = "<group>"; };
		F7EE6DDC1C156E2400F65506 /* Info.plist */ = {isa = PBXFileReference; lastKnownFileType = text.plist.xml; path = Info.plist; sourceTree = "<group>"; };
		F7EE6DE81C157D5400F65506 /* Social.framework */ = {isa = PBXFileReference; lastKnownFileType = wrapper.framework; name = Social.framework; path = System/Library/Frameworks/Social.framework; sourceTree = SDKROOT; };
		F7EE6DEA1C157D5800F65506 /* Accounts.framework */ = {isa = PBXFileReference; lastKnownFileType = wrapper.framework; name = Accounts.framework; path = System/Library/Frameworks/Accounts.framework; sourceTree = SDKROOT; };
		F7EE6DEC1C157D5E00F65506 /* Twitter.framework */ = {isa = PBXFileReference; lastKnownFileType = wrapper.framework; name = Twitter.framework; path = System/Library/Frameworks/Twitter.framework; sourceTree = SDKROOT; };
		F7EE6DF31C15834700F65506 /* AppDelegate.h */ = {isa = PBXFileReference; fileEncoding = 4; lastKnownFileType = sourcecode.c.h; path = AppDelegate.h; sourceTree = "<group>"; };
		F7EE6DF41C15834700F65506 /* AppDelegate.m */ = {isa = PBXFileReference; fileEncoding = 4; lastKnownFileType = sourcecode.c.objc; path = AppDelegate.m; sourceTree = "<group>"; };
		F7EE6DF61C15834700F65506 /* TweeterHomeVC.h */ = {isa = PBXFileReference; fileEncoding = 4; lastKnownFileType = sourcecode.c.h; path = TweeterHomeVC.h; sourceTree = "<group>"; };
		F7EE6DF71C15834700F65506 /* TweeterHomeVC.m */ = {isa = PBXFileReference; fileEncoding = 4; lastKnownFileType = sourcecode.c.objc; path = TweeterHomeVC.m; sourceTree = "<group>"; };
		F7EE6DF91C15834700F65506 /* ViewController.h */ = {isa = PBXFileReference; fileEncoding = 4; lastKnownFileType = sourcecode.c.h; path = ViewController.h; sourceTree = "<group>"; };
		F7EE6DFA1C15834700F65506 /* ViewController.m */ = {isa = PBXFileReference; fileEncoding = 4; lastKnownFileType = sourcecode.c.objc; path = ViewController.m; sourceTree = "<group>"; };
/* End PBXFileReference section */

/* Begin PBXFrameworksBuildPhase section */
		F7EE6DAC1C156E2400F65506 /* Frameworks */ = {
			isa = PBXFrameworksBuildPhase;
			buildActionMask = 2147483647;
			files = (
				F7EE6DED1C157D5E00F65506 /* Twitter.framework in Frameworks */,
				F7EE6DEB1C157D5800F65506 /* Accounts.framework in Frameworks */,
				F7EE6DE91C157D5400F65506 /* Social.framework in Frameworks */,
			);
			runOnlyForDeploymentPostprocessing = 0;
		};
		F7EE6DC81C156E2400F65506 /* Frameworks */ = {
			isa = PBXFrameworksBuildPhase;
			buildActionMask = 2147483647;
			files = (
			);
			runOnlyForDeploymentPostprocessing = 0;
		};
		F7EE6DD31C156E2400F65506 /* Frameworks */ = {
			isa = PBXFrameworksBuildPhase;
			buildActionMask = 2147483647;
			files = (
			);
			runOnlyForDeploymentPostprocessing = 0;
		};
/* End PBXFrameworksBuildPhase section */

/* Begin PBXGroup section */
		F706DEDD1C19820900AA84D0 /* Resources */ = {
			isa = PBXGroup;
			children = (
				F706DEDE1C19820900AA84D0 /* App */,
				F706DEE11C19820900AA84D0 /* iPhone Settings */,
				F706DEE41C19820900AA84D0 /* iPhone SpotLight */,
				F706DEE71C19820900AA84D0 /* Pic-1.png */,
				F706DEE81C19820900AA84D0 /* Pic-2.png */,
				F706DEF11C19854D00AA84D0 /* StartBusiness.jpg */,
			);
			path = Resources;
			sourceTree = "<group>";
		};
		F706DEDE1C19820900AA84D0 /* App */ = {
			isa = PBXGroup;
			children = (
				F706DEDF1C19820900AA84D0 /* Icon-60@2x.png */,
				F706DEE01C19820900AA84D0 /* Icon-60@3x.png */,
			);
			path = App;
			sourceTree = "<group>";
		};
		F706DEE11C19820900AA84D0 /* iPhone Settings */ = {
			isa = PBXGroup;
			children = (
				F706DEE21C19820900AA84D0 /* Icon-Small@2x.png */,
				F706DEE31C19820900AA84D0 /* Icon-Small@3x.png */,
			);
			path = "iPhone Settings";
			sourceTree = "<group>";
		};
		F706DEE41C19820900AA84D0 /* iPhone SpotLight */ = {
			isa = PBXGroup;
			children = (
				F706DEE51C19820900AA84D0 /* Icon-40@2x.png */,
				F706DEE61C19820900AA84D0 /* Icon-60@2x.png */,
			);
			path = "iPhone SpotLight";
			sourceTree = "<group>";
		};
		F706DEF31C1990DD00AA84D0 /* ThirdParty */ = {
			isa = PBXGroup;
			children = (
				F706DEF41C1990DD00AA84D0 /* Reachability */,
			);
			path = ThirdParty;
			sourceTree = "<group>";
		};
		F706DEF41C1990DD00AA84D0 /* Reachability */ = {
			isa = PBXGroup;
			children = (
				F706DEF51C1990DD00AA84D0 /* Reachability.h */,
				F706DEF61C1990DD00AA84D0 /* Reachability.m */,
			);
			path = Reachability;
			sourceTree = "<group>";
		};
		F7CAAD161C17B48200FF32A7 /* Twitter */ = {
			isa = PBXGroup;
			children = (
				F7CAAD171C17B48200FF32A7 /* Twitter.h */,
				F7CAAD181C17B48200FF32A7 /* Twitter.m */,
			);
			path = Twitter;
			sourceTree = "<group>";
		};
		F7EE6DA61C156E2400F65506 = {
			isa = PBXGroup;
			children = (
				F7EE6DEC1C157D5E00F65506 /* Twitter.framework */,
				F7EE6DEA1C157D5800F65506 /* Accounts.framework */,
				F7EE6DE81C157D5400F65506 /* Social.framework */,
				F7EE6DB11C156E2400F65506 /* Peek_Challenge_Aditya */,
				F7EE6DCE1C156E2400F65506 /* Peek_Challenge_AdityaTests */,
				F7EE6DD91C156E2400F65506 /* Peek_Challenge_AdityaUITests */,
				F7EE6DB01C156E2400F65506 /* Products */,
			);
			sourceTree = "<group>";
		};
		F7EE6DB01C156E2400F65506 /* Products */ = {
			isa = PBXGroup;
			children = (
				F7EE6DAF1C156E2400F65506 /* Peek_Challenge_Aditya.app */,
				F7EE6DCB1C156E2400F65506 /* Peek_Challenge_AdityaTests.xctest */,
				F7EE6DD61C156E2400F65506 /* Peek_Challenge_AdityaUITests.xctest */,
			);
			name = Products;
			sourceTree = "<group>";
		};
		F7EE6DB11C156E2400F65506 /* Peek_Challenge_Aditya */ = {
			isa = PBXGroup;
			children = (
				F706DEF31C1990DD00AA84D0 /* ThirdParty */,
				F706DEDD1C19820900AA84D0 /* Resources */,
				F7EE6DF11C15834700F65506 /* Classes */,
				F7EE6DBB1C156E2400F65506 /* Main.storyboard */,
				F7EE6DC11C156E2400F65506 /* Assets.xcassets */,
				F7EE6DC31C156E2400F65506 /* LaunchScreen.storyboard */,
				F7EE6DC61C156E2400F65506 /* Info.plist */,
				F7EE6DBE1C156E2400F65506 /* Peek_Challenge_Aditya.xcdatamodeld */,
				F7EE6DB21C156E2400F65506 /* Supporting Files */,
			);
			path = Peek_Challenge_Aditya;
			sourceTree = "<group>";
		};
		F7EE6DB21C156E2400F65506 /* Supporting Files */ = {
			isa = PBXGroup;
			children = (
				F7EE6DB31C156E2400F65506 /* main.m */,
				F706DEFA1C19947E00AA84D0 /* PrefixHeader.pch */,
			);
			name = "Supporting Files";
			sourceTree = "<group>";
		};
		F7EE6DCE1C156E2400F65506 /* Peek_Challenge_AdityaTests */ = {
			isa = PBXGroup;
			children = (
				F7EE6DCF1C156E2400F65506 /* Peek_Challenge_AdityaTests.m */,
				F7EE6DD11C156E2400F65506 /* Info.plist */,
			);
			path = Peek_Challenge_AdityaTests;
			sourceTree = "<group>";
		};
		F7EE6DD91C156E2400F65506 /* Peek_Challenge_AdityaUITests */ = {
			isa = PBXGroup;
			children = (
				F7EE6DDA1C156E2400F65506 /* Peek_Challenge_AdityaUITests.m */,
				F7EE6DDC1C156E2400F65506 /* Info.plist */,
			);
			path = Peek_Challenge_AdityaUITests;
			sourceTree = "<group>";
		};
		F7EE6DF11C15834700F65506 /* Classes */ = {
			isa = PBXGroup;
			children = (
				F7CAAD161C17B48200FF32A7 /* Twitter */,
				F7EE6DF21C15834700F65506 /* AppDelegate */,
				F7EE6DF51C15834700F65506 /* TwtterHomeVC */,
				F7EE6DF81C15834700F65506 /* ViewController */,
			);
			path = Classes;
			sourceTree = "<group>";
		};
		F7EE6DF21C15834700F65506 /* AppDelegate */ = {
			isa = PBXGroup;
			children = (
				F7EE6DF31C15834700F65506 /* AppDelegate.h */,
				F7EE6DF41C15834700F65506 /* AppDelegate.m */,
			);
			path = AppDelegate;
			sourceTree = "<group>";
		};
		F7EE6DF51C15834700F65506 /* TwtterHomeVC */ = {
			isa = PBXGroup;
			children = (
				F7EE6DF61C15834700F65506 /* TweeterHomeVC.h */,
				F7EE6DF71C15834700F65506 /* TweeterHomeVC.m */,
			);
			path = TwtterHomeVC;
			sourceTree = "<group>";
		};
		F7EE6DF81C15834700F65506 /* ViewController */ = {
			isa = PBXGroup;
			children = (
				F7EE6DF91C15834700F65506 /* ViewController.h */,
				F7EE6DFA1C15834700F65506 /* ViewController.m */,
			);
			path = ViewController;
			sourceTree = "<group>";
		};
/* End PBXGroup section */

/* Begin PBXNativeTarget section */
		F7EE6DAE1C156E2400F65506 /* Peek_Challenge_Aditya */ = {
			isa = PBXNativeTarget;
			buildConfigurationList = F7EE6DDF1C156E2400F65506 /* Build configuration list for PBXNativeTarget "Peek_Challenge_Aditya" */;
			buildPhases = (
				F7EE6DAB1C156E2400F65506 /* Sources */,
				F7EE6DAC1C156E2400F65506 /* Frameworks */,
				F7EE6DAD1C156E2400F65506 /* Resources */,
			);
			buildRules = (
			);
			dependencies = (
			);
			name = Peek_Challenge_Aditya;
			productName = Peek_Challenge_Aditya;
			productReference = F7EE6DAF1C156E2400F65506 /* Peek_Challenge_Aditya.app */;
			productType = "com.apple.product-type.application";
		};
		F7EE6DCA1C156E2400F65506 /* Peek_Challenge_AdityaTests */ = {
			isa = PBXNativeTarget;
			buildConfigurationList = F7EE6DE21C156E2400F65506 /* Build configuration list for PBXNativeTarget "Peek_Challenge_AdityaTests" */;
			buildPhases = (
				F7EE6DC71C156E2400F65506 /* Sources */,
				F7EE6DC81C156E2400F65506 /* Frameworks */,
				F7EE6DC91C156E2400F65506 /* Resources */,
			);
			buildRules = (
			);
			dependencies = (
				F7EE6DCD1C156E2400F65506 /* PBXTargetDependency */,
			);
			name = Peek_Challenge_AdityaTests;
			productName = Peek_Challenge_AdityaTests;
			productReference = F7EE6DCB1C156E2400F65506 /* Peek_Challenge_AdityaTests.xctest */;
			productType = "com.apple.product-type.bundle.unit-test";
		};
		F7EE6DD51C156E2400F65506 /* Peek_Challenge_AdityaUITests */ = {
			isa = PBXNativeTarget;
			buildConfigurationList = F7EE6DE51C156E2400F65506 /* Build configuration list for PBXNativeTarget "Peek_Challenge_AdityaUITests" */;
			buildPhases = (
				F7EE6DD21C156E2400F65506 /* Sources */,
				F7EE6DD31C156E2400F65506 /* Frameworks */,
				F7EE6DD41C156E2400F65506 /* Resources */,
			);
			buildRules = (
			);
			dependencies = (
				F7EE6DD81C156E2400F65506 /* PBXTargetDependency */,
			);
			name = Peek_Challenge_AdityaUITests;
			productName = Peek_Challenge_AdityaUITests;
			productReference = F7EE6DD61C156E2400F65506 /* Peek_Challenge_AdityaUITests.xctest */;
			productType = "com.apple.product-type.bundle.ui-testing";
		};
/* End PBXNativeTarget section */

/* Begin PBXProject section */
		F7EE6DA71C156E2400F65506 /* Project object */ = {
			isa = PBXProject;
			attributes = {
				LastUpgradeCheck = 0710;
				ORGANIZATIONNAME = "Aditya Tanna";
				TargetAttributes = {
					F7EE6DAE1C156E2400F65506 = {
						CreatedOnToolsVersion = 7.1;
						DevelopmentTeam = P87L74H9YS;
					};
					F7EE6DCA1C156E2400F65506 = {
						CreatedOnToolsVersion = 7.1;
						TestTargetID = F7EE6DAE1C156E2400F65506;
					};
					F7EE6DD51C156E2400F65506 = {
						CreatedOnToolsVersion = 7.1;
						TestTargetID = F7EE6DAE1C156E2400F65506;
					};
				};
			};
			buildConfigurationList = F7EE6DAA1C156E2400F65506 /* Build configuration list for PBXProject "Peek_Challenge_Aditya" */;
			compatibilityVersion = "Xcode 3.2";
			developmentRegion = English;
			hasScannedForEncodings = 0;
			knownRegions = (
				en,
				Base,
			);
			mainGroup = F7EE6DA61C156E2400F65506;
			productRefGroup = F7EE6DB01C156E2400F65506 /* Products */;
			projectDirPath = "";
			projectRoot = "";
			targets = (
				F7EE6DAE1C156E2400F65506 /* Peek_Challenge_Aditya */,
				F7EE6DCA1C156E2400F65506 /* Peek_Challenge_AdityaTests */,
				F7EE6DD51C156E2400F65506 /* Peek_Challenge_AdityaUITests */,
			);
		};
/* End PBXProject section */

/* Begin PBXResourcesBuildPhase section */
		F7EE6DAD1C156E2400F65506 /* Resources */ = {
			isa = PBXResourcesBuildPhase;
			buildActionMask = 2147483647;
			files = (
				F706DEEA1C19820900AA84D0 /* Icon-60@3x.png in Resources */,
				F706DEEE1C19820900AA84D0 /* Icon-60@2x.png in Resources */,
				F7EE6DC51C156E2400F65506 /* LaunchScreen.storyboard in Resources */,
				F706DEF01C19820900AA84D0 /* Pic-2.png in Resources */,
				F706DEE91C19820900AA84D0 /* Icon-60@2x.png in Resources */,
				F706DEED1C19820900AA84D0 /* Icon-40@2x.png in Resources */,
				F7EE6DC21C156E2400F65506 /* Assets.xcassets in Resources */,
				F7EE6DBD1C156E2400F65506 /* Main.storyboard in Resources */,
				F706DEF21C19854D00AA84D0 /* StartBusiness.jpg in Resources */,
				F706DEEC1C19820900AA84D0 /* Icon-Small@3x.png in Resources */,
				F706DEEB1C19820900AA84D0 /* Icon-Small@2x.png in Resources */,
				F706DEEF1C19820900AA84D0 /* Pic-1.png in Resources */,
			);
			runOnlyForDeploymentPostprocessing = 0;
		};
		F7EE6DC91C156E2400F65506 /* Resources */ = {
			isa = PBXResourcesBuildPhase;
			buildActionMask = 2147483647;
			files = (
			);
			runOnlyForDeploymentPostprocessing = 0;
		};
		F7EE6DD41C156E2400F65506 /* Resources */ = {
			isa = PBXResourcesBuildPhase;
			buildActionMask = 2147483647;
			files = (
			);
			runOnlyForDeploymentPostprocessing = 0;
		};
/* End PBXResourcesBuildPhase section */

/* Begin PBXSourcesBuildPhase section */
		F7EE6DAB1C156E2400F65506 /* Sources */ = {
			isa = PBXSourcesBuildPhase;
			buildActionMask = 2147483647;
			files = (
				F7EE6DFC1C15834700F65506 /* TweeterHomeVC.m in Sources */,
				F7EE6DC01C156E2400F65506 /* Peek_Challenge_Aditya.xcdatamodeld in Sources */,
				F7EE6DB41C156E2400F65506 /* main.m in Sources */,
				F706DEF71C1990DD00AA84D0 /* Reachability.m in Sources */,
				F7CAAD191C17B48200FF32A7 /* Twitter.m in Sources */,
				F7EE6DFB1C15834700F65506 /* AppDelegate.m in Sources */,
				F7EE6DFD1C15834700F65506 /* ViewController.m in Sources */,
			);
			runOnlyForDeploymentPostprocessing = 0;
		};
		F7EE6DC71C156E2400F65506 /* Sources */ = {
			isa = PBXSourcesBuildPhase;
			buildActionMask = 2147483647;
			files = (
				F7EE6DD01C156E2400F65506 /* Peek_Challenge_AdityaTests.m in Sources */,
			);
			runOnlyForDeploymentPostprocessing = 0;
		};
		F7EE6DD21C156E2400F65506 /* Sources */ = {
			isa = PBXSourcesBuildPhase;
			buildActionMask = 2147483647;
			files = (
				F7EE6DDB1C156E2400F65506 /* Peek_Challenge_AdityaUITests.m in Sources */,
			);
			runOnlyForDeploymentPostprocessing = 0;
		};
/* End PBXSourcesBuildPhase section */

/* Begin PBXTargetDependency section */
		F7EE6DCD1C156E2400F65506 /* PBXTargetDependency */ = {
			isa = PBXTargetDependency;
			target = F7EE6DAE1C156E2400F65506 /* Peek_Challenge_Aditya */;
			targetProxy = F7EE6DCC1C156E2400F65506 /* PBXContainerItemProxy */;
		};
		F7EE6DD81C156E2400F65506 /* PBXTargetDependency */ = {
			isa = PBXTargetDependency;
			target = F7EE6DAE1C156E2400F65506 /* Peek_Challenge_Aditya */;
			targetProxy = F7EE6DD71C156E2400F65506 /* PBXContainerItemProxy */;
		};
/* End PBXTargetDependency section */

/* Begin PBXVariantGroup section */
		F7EE6DBB1C156E2400F65506 /* Main.storyboard */ = {
			isa = PBXVariantGroup;
			children = (
				F7EE6DBC1C156E2400F65506 /* Base */,
			);
			name = Main.storyboard;
			sourceTree = "<group>";
		};
		F7EE6DC31C156E2400F65506 /* LaunchScreen.storyboard */ = {
			isa = PBXVariantGroup;
			children = (
				F7EE6DC41C156E2400F65506 /* Base */,
			);
			name = LaunchScreen.storyboard;
			sourceTree = "<group>";
		};
/* End PBXVariantGroup section */

/* Begin XCBuildConfiguration section */
		F7EE6DDD1C156E2400F65506 /* Debug */ = {
			isa = XCBuildConfiguration;
			buildSettings = {
				ALWAYS_SEARCH_USER_PATHS = NO;
				CLANG_CXX_LANGUAGE_STANDARD = "gnu++0x";
				CLANG_CXX_LIBRARY = "libc++";
				CLANG_ENABLE_MODULES = YES;
				CLANG_ENABLE_OBJC_ARC = YES;
				CLANG_WARN_BOOL_CONVERSION = YES;
				CLANG_WARN_CONSTANT_CONVERSION = YES;
				CLANG_WARN_DIRECT_OBJC_ISA_USAGE = YES_ERROR;
				CLANG_WARN_EMPTY_BODY = YES;
				CLANG_WARN_ENUM_CONVERSION = YES;
				CLANG_WARN_INT_CONVERSION = YES;
				CLANG_WARN_OBJC_ROOT_CLASS = YES_ERROR;
				CLANG_WARN_UNREACHABLE_CODE = YES;
				CLANG_WARN__DUPLICATE_METHOD_MATCH = YES;
				"CODE_SIGN_IDENTITY[sdk=iphoneos*]" = "iPhone Developer";
				COPY_PHASE_STRIP = NO;
				DEBUG_INFORMATION_FORMAT = dwarf;
				ENABLE_STRICT_OBJC_MSGSEND = YES;
				ENABLE_TESTABILITY = YES;
				GCC_C_LANGUAGE_STANDARD = gnu99;
				GCC_DYNAMIC_NO_PIC = NO;
				GCC_NO_COMMON_BLOCKS = YES;
				GCC_OPTIMIZATION_LEVEL = 0;
				GCC_PREPROCESSOR_DEFINITIONS = (
					"DEBUG=1",
					"$(inherited)",
				);
				GCC_WARN_64_TO_32_BIT_CONVERSION = YES;
				GCC_WARN_ABOUT_RETURN_TYPE = YES_ERROR;
				GCC_WARN_UNDECLARED_SELECTOR = YES;
				GCC_WARN_UNINITIALIZED_AUTOS = YES_AGGRESSIVE;
				GCC_WARN_UNUSED_FUNCTION = YES;
				GCC_WARN_UNUSED_VARIABLE = YES;
				IPHONEOS_DEPLOYMENT_TARGET = 6.0;
				MTL_ENABLE_DEBUG_INFO = YES;
				ONLY_ACTIVE_ARCH = YES;
				SDKROOT = iphoneos;
			};
			name = Debug;
		};
		F7EE6DDE1C156E2400F65506 /* Release */ = {
			isa = XCBuildConfiguration;
			buildSettings = {
				ALWAYS_SEARCH_USER_PATHS = NO;
				CLANG_CXX_LANGUAGE_STANDARD = "gnu++0x";
				CLANG_CXX_LIBRARY = "libc++";
				CLANG_ENABLE_MODULES = YES;
				CLANG_ENABLE_OBJC_ARC = YES;
				CLANG_WARN_BOOL_CONVERSION = YES;
				CLANG_WARN_CONSTANT_CONVERSION = YES;
				CLANG_WARN_DIRECT_OBJC_ISA_USAGE = YES_ERROR;
				CLANG_WARN_EMPTY_BODY = YES;
				CLANG_WARN_ENUM_CONVERSION = YES;
				CLANG_WARN_INT_CONVERSION = YES;
				CLANG_WARN_OBJC_ROOT_CLASS = YES_ERROR;
				CLANG_WARN_UNREACHABLE_CODE = YES;
				CLANG_WARN__DUPLICATE_METHOD_MATCH = YES;
				"CODE_SIGN_IDENTITY[sdk=iphoneos*]" = "iPhone Developer";
				COPY_PHASE_STRIP = NO;
				DEBUG_INFORMATION_FORMAT = "dwarf-with-dsym";
				ENABLE_NS_ASSERTIONS = NO;
				ENABLE_STRICT_OBJC_MSGSEND = YES;
				GCC_C_LANGUAGE_STANDARD = gnu99;
				GCC_NO_COMMON_BLOCKS = YES;
				GCC_WARN_64_TO_32_BIT_CONVERSION = YES;
				GCC_WARN_ABOUT_RETURN_TYPE = YES_ERROR;
				GCC_WARN_UNDECLARED_SELECTOR = YES;
				GCC_WARN_UNINITIALIZED_AUTOS = YES_AGGRESSIVE;
				GCC_WARN_UNUSED_FUNCTION = YES;
				GCC_WARN_UNUSED_VARIABLE = YES;
				IPHONEOS_DEPLOYMENT_TARGET = 6.0;
				MTL_ENABLE_DEBUG_INFO = NO;
				SDKROOT = iphoneos;
				VALIDATE_PRODUCT = YES;
			};
			name = Release;
		};
		F7EE6DE01C156E2400F65506 /* Debug */ = {
			isa = XCBuildConfiguration;
			buildSettings = {
				ASSETCATALOG_COMPILER_APPICON_NAME = AppIcon;
				CODE_SIGN_IDENTITY = "iPhone Developer";
				INFOPLIST_FILE = Peek_Challenge_Aditya/Info.plist;
				IPHONEOS_DEPLOYMENT_TARGET = 6.0;
				LD_RUNPATH_SEARCH_PATHS = "$(inherited) @executable_path/Frameworks";
				PRODUCT_BUNDLE_IDENTIFIER = "com.tanna.Peek-Challenge-Aditya";
				PRODUCT_NAME = "$(TARGET_NAME)";
			};
			name = Debug;
		};
		F7EE6DE11C156E2400F65506 /* Release */ = {
			isa = XCBuildConfiguration;
			buildSettings = {
				ASSETCATALOG_COMPILER_APPICON_NAME = AppIcon;
				CODE_SIGN_IDENTITY = "iPhone Developer";
				INFOPLIST_FILE = Peek_Challenge_Aditya/Info.plist;
				IPHONEOS_DEPLOYMENT_TARGET = 6.0;
				LD_RUNPATH_SEARCH_PATHS = "$(inherited) @executable_path/Frameworks";
				PRODUCT_BUNDLE_IDENTIFIER = "com.tanna.Peek-Challenge-Aditya";
				PRODUCT_NAME = "$(TARGET_NAME)";
			};
			name = Release;
		};
		F7EE6DE31C156E2400F65506 /* Debug */ = {
			isa = XCBuildConfiguration;
			buildSettings = {
				BUNDLE_LOADER = "$(TEST_HOST)";
				INFOPLIST_FILE = Peek_Challenge_AdityaTests/Info.plist;
				LD_RUNPATH_SEARCH_PATHS = "$(inherited) @executable_path/Frameworks @loader_path/Frameworks";
				PRODUCT_BUNDLE_IDENTIFIER = "com.tanna.Peek-Challenge-AdityaTests";
				PRODUCT_NAME = "$(TARGET_NAME)";
				TEST_HOST = "$(BUILT_PRODUCTS_DIR)/Peek_Challenge_Aditya.app/Peek_Challenge_Aditya";
			};
			name = Debug;
		};
		F7EE6DE41C156E2400F65506 /* Release */ = {
			isa = XCBuildConfiguration;
			buildSettings = {
				BUNDLE_LOADER = "$(TEST_HOST)";
				INFOPLIST_FILE = Peek_Challenge_AdityaTests/Info.plist;
				LD_RUNPATH_SEARCH_PATHS = "$(inherited) @executable_path/Frameworks @loader_path/Frameworks";
				PRODUCT_BUNDLE_IDENTIFIER = "com.tanna.Peek-Challenge-AdityaTests";
				PRODUCT_NAME = "$(TARGET_NAME)";
				TEST_HOST = "$(BUILT_PRODUCTS_DIR)/Peek_Challenge_Aditya.app/Peek_Challenge_Aditya";
			};
			name = Release;
		};
		F7EE6DE61C156E2400F65506 /* Debug */ = {
			isa = XCBuildConfiguration;
			buildSettings = {
				INFOPLIST_FILE = Peek_Challenge_AdityaUITests/Info.plist;
				LD_RUNPATH_SEARCH_PATHS = "$(inherited) @executable_path/Frameworks @loader_path/Frameworks";
				PRODUCT_BUNDLE_IDENTIFIER = "com.tanna.Peek-Challenge-AdityaUITests";
				PRODUCT_NAME = "$(TARGET_NAME)";
				TEST_TARGET_NAME = Peek_Challenge_Aditya;
				USES_XCTRUNNER = YES;
			};
			name = Debug;
		};
		F7EE6DE71C156E2400F65506 /* Release */ = {
			isa = XCBuildConfiguration;
			buildSettings = {
				INFOPLIST_FILE = Peek_Challenge_AdityaUITests/Info.plist;
				LD_RUNPATH_SEARCH_PATHS = "$(inherited) @executable_path/Frameworks @loader_path/Frameworks";
				PRODUCT_BUNDLE_IDENTIFIER = "com.tanna.Peek-Challenge-AdityaUITests";
				PRODUCT_NAME = "$(TARGET_NAME)";
				TEST_TARGET_NAME = Peek_Challenge_Aditya;
				USES_XCTRUNNER = YES;
			};
			name = Release;
		};
/* End XCBuildConfiguration section */

/* Begin XCConfigurationList section */
		F7EE6DAA1C156E2400F65506 /* Build configuration list for PBXProject "Peek_Challenge_Aditya" */ = {
			isa = XCConfigurationList;
			buildConfigurations = (
				F7EE6DDD1C156E2400F65506 /* Debug */,
				F7EE6DDE1C156E2400F65506 /* Release */,
			);
			defaultConfigurationIsVisible = 0;
			defaultConfigurationName = Release;
		};
		F7EE6DDF1C156E2400F65506 /* Build configuration list for PBXNativeTarget "Peek_Challenge_Aditya" */ = {
			isa = XCConfigurationList;
			buildConfigurations = (
				F7EE6DE01C156E2400F65506 /* Debug */,
				F7EE6DE11C156E2400F65506 /* Release */,
			);
			defaultConfigurationIsVisible = 0;
			defaultConfigurationName = Release;
		};
		F7EE6DE21C156E2400F65506 /* Build configuration list for PBXNativeTarget "Peek_Challenge_AdityaTests" */ = {
			isa = XCConfigurationList;
			buildConfigurations = (
				F7EE6DE31C156E2400F65506 /* Debug */,
				F7EE6DE41C156E2400F65506 /* Release */,
			);
			defaultConfigurationIsVisible = 0;
			defaultConfigurationName = Release;
		};
		F7EE6DE51C156E2400F65506 /* Build configuration list for PBXNativeTarget "Peek_Challenge_AdityaUITests" */ = {
			isa = XCConfigurationList;
			buildConfigurations = (
				F7EE6DE61C156E2400F65506 /* Debug */,
				F7EE6DE71C156E2400F65506 /* Release */,
			);
			defaultConfigurationIsVisible = 0;
			defaultConfigurationName = Release;
		};
/* End XCConfigurationList section */

/* Begin XCVersionGroup section */
		F7EE6DBE1C156E2400F65506 /* Peek_Challenge_Aditya.xcdatamodeld */ = {
			isa = XCVersionGroup;
			children = (
				F7EE6DBF1C156E2400F65506 /* Peek_Challenge_Aditya.xcdatamodel */,
			);
			currentVersion = F7EE6DBF1C156E2400F65506 /* Peek_Challenge_Aditya.xcdatamodel */;
			path = Peek_Challenge_Aditya.xcdatamodeld;
			sourceTree = "<group>";
			versionGroupType = wrapper.xcdatamodel;
		};
/* End XCVersionGroup section */
	};
	rootObject = F7EE6DA71C156E2400F65506 /* Project object */;
}
